// !$*UTF8*$!
{
	archiveVersion = 1;
	classes = {
	};
	objectVersion = 46;
	objects = {

/* Begin PBXBuildFile section */
		943BD1071892F92900CCE128 /* NSString+CalendarView.m in Sources */ = {isa = PBXBuildFile; fileRef = 943BD1061892F92900CCE128 /* NSString+CalendarView.m */; };
		94965937188F0DD300085A01 /* UIPopoverController+iPhone.m in Sources */ = {isa = PBXBuildFile; fileRef = 94965936188F0DD300085A01 /* UIPopoverController+iPhone.m */; };
		9496593A188F0F0600085A01 /* PopoverViewController.m in Sources */ = {isa = PBXBuildFile; fileRef = 94965939188F0F0600085A01 /* PopoverViewController.m */; };
		94E614D01874405400BD4D9F /* Foundation.framework in Frameworks */ = {isa = PBXBuildFile; fileRef = 94E614CF1874405400BD4D9F /* Foundation.framework */; };
		94E614D21874405400BD4D9F /* CoreGraphics.framework in Frameworks */ = {isa = PBXBuildFile; fileRef = 94E614D11874405400BD4D9F /* CoreGraphics.framework */; };
		94E614D41874405400BD4D9F /* UIKit.framework in Frameworks */ = {isa = PBXBuildFile; fileRef = 94E614D31874405400BD4D9F /* UIKit.framework */; };
		94E614DA1874405400BD4D9F /* InfoPlist.strings in Resources */ = {isa = PBXBuildFile; fileRef = 94E614D81874405400BD4D9F /* InfoPlist.strings */; };
		94E614DC1874405400BD4D9F /* main.m in Sources */ = {isa = PBXBuildFile; fileRef = 94E614DB1874405400BD4D9F /* main.m */; };
		94E614E01874405400BD4D9F /* AppDelegate.m in Sources */ = {isa = PBXBuildFile; fileRef = 94E614DF1874405400BD4D9F /* AppDelegate.m */; };
		94E614E31874405400BD4D9F /* Main_iPhone.storyboard in Resources */ = {isa = PBXBuildFile; fileRef = 94E614E11874405400BD4D9F /* Main_iPhone.storyboard */; };
		94E614E61874405400BD4D9F /* Main_iPad.storyboard in Resources */ = {isa = PBXBuildFile; fileRef = 94E614E41874405400BD4D9F /* Main_iPad.storyboard */; };
		94E614E91874405400BD4D9F /* ViewController.m in Sources */ = {isa = PBXBuildFile; fileRef = 94E614E81874405400BD4D9F /* ViewController.m */; };
		94E614EB1874405400BD4D9F /* Images.xcassets in Resources */ = {isa = PBXBuildFile; fileRef = 94E614EA1874405400BD4D9F /* Images.xcassets */; };
		94E6150C1874410D00BD4D9F /* CalendarView.m in Sources */ = {isa = PBXBuildFile; fileRef = 94E615091874410D00BD4D9F /* CalendarView.m */; };
		94E6150D1874410D00BD4D9F /* NSDate+CalendarView.m in Sources */ = {isa = PBXBuildFile; fileRef = 94E6150B1874410D00BD4D9F /* NSDate+CalendarView.m */; };
/* End PBXBuildFile section */

/* Begin PBXFileReference section */
		943BD1051892F92900CCE128 /* NSString+CalendarView.h */ = {isa = PBXFileReference; fileEncoding = 4; lastKnownFileType = sourcecode.c.h; name = "NSString+CalendarView.h"; path = "Sources/NSString+CalendarView.h"; sourceTree = "<group>"; };
		943BD1061892F92900CCE128 /* NSString+CalendarView.m */ = {isa = PBXFileReference; fileEncoding = 4; lastKnownFileType = sourcecode.c.objc; name = "NSString+CalendarView.m"; path = "Sources/NSString+CalendarView.m"; sourceTree = "<group>"; };
		94965935188F0DD300085A01 /* UIPopoverController+iPhone.h */ = {isa = PBXFileReference; fileEncoding = 4; lastKnownFileType = sourcecode.c.h; path = "UIPopoverController+iPhone.h"; sourceTree = "<group>"; };
		94965936188F0DD300085A01 /* UIPopoverController+iPhone.m */ = {isa = PBXFileReference; fileEncoding = 4; lastKnownFileType = sourcecode.c.objc; path = "UIPopoverController+iPhone.m"; sourceTree = "<group>"; };
		94965938188F0F0600085A01 /* PopoverViewController.h */ = {isa = PBXFileReference; fileEncoding = 4; lastKnownFileType = sourcecode.c.h; path = PopoverViewController.h; sourceTree = "<group>"; };
		94965939188F0F0600085A01 /* PopoverViewController.m */ = {isa = PBXFileReference; fileEncoding = 4; lastKnownFileType = sourcecode.c.objc; path = PopoverViewController.m; sourceTree = "<group>"; };
		94E614CC1874405400BD4D9F /* ios_calendar.app */ = {isa = PBXFileReference; explicitFileType = wrapper.application; includeInIndex = 0; path = ios_calendar.app; sourceTree = BUILT_PRODUCTS_DIR; };
		94E614CF1874405400BD4D9F /* Foundation.framework */ = {isa = PBXFileReference; lastKnownFileType = wrapper.framework; name = Foundation.framework; path = System/Library/Frameworks/Foundation.framework; sourceTree = SDKROOT; };
		94E614D11874405400BD4D9F /* CoreGraphics.framework */ = {isa = PBXFileReference; lastKnownFileType = wrapper.framework; name = CoreGraphics.framework; path = System/Library/Frameworks/CoreGraphics.framework; sourceTree = SDKROOT; };
		94E614D31874405400BD4D9F /* UIKit.framework */ = {isa = PBXFileReference; lastKnownFileType = wrapper.framework; name = UIKit.framework; path = System/Library/Frameworks/UIKit.framework; sourceTree = SDKROOT; };
		94E614D71874405400BD4D9F /* ios_calendar-Info.plist */ = {isa = PBXFileReference; lastKnownFileType = text.plist.xml; path = "ios_calendar-Info.plist"; sourceTree = "<group>"; };
		94E614D91874405400BD4D9F /* en */ = {isa = PBXFileReference; lastKnownFileType = text.plist.strings; name = en; path = en.lproj/InfoPlist.strings; sourceTree = "<group>"; };
		94E614DB1874405400BD4D9F /* main.m */ = {isa = PBXFileReference; lastKnownFileType = sourcecode.c.objc; path = main.m; sourceTree = "<group>"; };
		94E614DD1874405400BD4D9F /* ios_calendar-Prefix.pch */ = {isa = PBXFileReference; lastKnownFileType = sourcecode.c.h; path = "ios_calendar-Prefix.pch"; sourceTree = "<group>"; };
		94E614DE1874405400BD4D9F /* AppDelegate.h */ = {isa = PBXFileReference; lastKnownFileType = sourcecode.c.h; path = AppDelegate.h; sourceTree = "<group>"; };
		94E614DF1874405400BD4D9F /* AppDelegate.m */ = {isa = PBXFileReference; lastKnownFileType = sourcecode.c.objc; path = AppDelegate.m; sourceTree = "<group>"; };
		94E614E21874405400BD4D9F /* Base */ = {isa = PBXFileReference; lastKnownFileType = file.storyboard; name = Base; path = Base.lproj/Main_iPhone.storyboard; sourceTree = "<group>"; };
		94E614E51874405400BD4D9F /* Base */ = {isa = PBXFileReference; lastKnownFileType = file.storyboard; name = Base; path = Base.lproj/Main_iPad.storyboard; sourceTree = "<group>"; };
		94E614E71874405400BD4D9F /* ViewController.h */ = {isa = PBXFileReference; lastKnownFileType = sourcecode.c.h; path = ViewController.h; sourceTree = "<group>"; };
		94E614E81874405400BD4D9F /* ViewController.m */ = {isa = PBXFileReference; lastKnownFileType = sourcecode.c.objc; path = ViewController.m; sourceTree = "<group>"; };
		94E614EA1874405400BD4D9F /* Images.xcassets */ = {isa = PBXFileReference; lastKnownFileType = folder.assetcatalog; path = Images.xcassets; sourceTree = "<group>"; };
		94E614F11874405400BD4D9F /* XCTest.framework */ = {isa = PBXFileReference; lastKnownFileType = wrapper.framework; name = XCTest.framework; path = Library/Frameworks/XCTest.framework; sourceTree = DEVELOPER_DIR; };
		94E615081874410D00BD4D9F /* CalendarView.h */ = {isa = PBXFileReference; fileEncoding = 4; lastKnownFileType = sourcecode.c.h; name = CalendarView.h; path = Sources/CalendarView.h; sourceTree = "<group>"; };
		94E615091874410D00BD4D9F /* CalendarView.m */ = {isa = PBXFileReference; fileEncoding = 4; lastKnownFileType = sourcecode.c.objc; name = CalendarView.m; path = Sources/CalendarView.m; sourceTree = "<group>"; };
		94E6150A1874410D00BD4D9F /* NSDate+CalendarView.h */ = {isa = PBXFileReference; fileEncoding = 4; lastKnownFileType = sourcecode.c.h; name = "NSDate+CalendarView.h"; path = "Sources/NSDate+CalendarView.h"; sourceTree = "<group>"; };
		94E6150B1874410D00BD4D9F /* NSDate+CalendarView.m */ = {isa = PBXFileReference; fileEncoding = 4; lastKnownFileType = sourcecode.c.objc; name = "NSDate+CalendarView.m"; path = "Sources/NSDate+CalendarView.m"; sourceTree = "<group>"; };
/* End PBXFileReference section */

/* Begin PBXFrameworksBuildPhase section */
		94E614C91874405400BD4D9F /* Frameworks */ = {
			isa = PBXFrameworksBuildPhase;
			buildActionMask = 2147483647;
			files = (
				94E614D21874405400BD4D9F /* CoreGraphics.framework in Frameworks */,
				94E614D41874405400BD4D9F /* UIKit.framework in Frameworks */,
				94E614D01874405400BD4D9F /* Foundation.framework in Frameworks */,
			);
			runOnlyForDeploymentPostprocessing = 0;
		};
/* End PBXFrameworksBuildPhase section */

/* Begin PBXGroup section */
		94E614C31874405400BD4D9F = {
			isa = PBXGroup;
			children = (
				94E614D51874405400BD4D9F /* ios_calendar */,
				94E614CE1874405400BD4D9F /* Frameworks */,
				94E614CD1874405400BD4D9F /* Products */,
			);
			sourceTree = "<group>";
		};
		94E614CD1874405400BD4D9F /* Products */ = {
			isa = PBXGroup;
			children = (
				94E614CC1874405400BD4D9F /* ios_calendar.app */,
			);
			name = Products;
			sourceTree = "<group>";
		};
		94E614CE1874405400BD4D9F /* Frameworks */ = {
			isa = PBXGroup;
			children = (
				94E614CF1874405400BD4D9F /* Foundation.framework */,
				94E614D11874405400BD4D9F /* CoreGraphics.framework */,
				94E614D31874405400BD4D9F /* UIKit.framework */,
				94E614F11874405400BD4D9F /* XCTest.framework */,
			);
			name = Frameworks;
			sourceTree = "<group>";
		};
		94E614D51874405400BD4D9F /* ios_calendar */ = {
			isa = PBXGroup;
			children = (
				94E61507187440FE00BD4D9F /* Sources */,
				94E614DE1874405400BD4D9F /* AppDelegate.h */,
				94E614DF1874405400BD4D9F /* AppDelegate.m */,
				94E614E11874405400BD4D9F /* Main_iPhone.storyboard */,
				94E614E41874405400BD4D9F /* Main_iPad.storyboard */,
				94E614E71874405400BD4D9F /* ViewController.h */,
				94E614E81874405400BD4D9F /* ViewController.m */,
				94965938188F0F0600085A01 /* PopoverViewController.h */,
				94965939188F0F0600085A01 /* PopoverViewController.m */,
				94965935188F0DD300085A01 /* UIPopoverController+iPhone.h */,
				94965936188F0DD300085A01 /* UIPopoverController+iPhone.m */,
				94E614EA1874405400BD4D9F /* Images.xcassets */,
				94E614D61874405400BD4D9F /* Supporting Files */,
			);
			path = ios_calendar;
			sourceTree = "<group>";
		};
		94E614D61874405400BD4D9F /* Supporting Files */ = {
			isa = PBXGroup;
			children = (
				94E614D71874405400BD4D9F /* ios_calendar-Info.plist */,
				94E614D81874405400BD4D9F /* InfoPlist.strings */,
				94E614DB1874405400BD4D9F /* main.m */,
				94E614DD1874405400BD4D9F /* ios_calendar-Prefix.pch */,
			);
			name = "Supporting Files";
			sourceTree = "<group>";
		};
		94E61507187440FE00BD4D9F /* Sources */ = {
			isa = PBXGroup;
			children = (
				94E615081874410D00BD4D9F /* CalendarView.h */,
				94E615091874410D00BD4D9F /* CalendarView.m */,
				94E6150A1874410D00BD4D9F /* NSDate+CalendarView.h */,
				94E6150B1874410D00BD4D9F /* NSDate+CalendarView.m */,
				943BD1051892F92900CCE128 /* NSString+CalendarView.h */,
				943BD1061892F92900CCE128 /* NSString+CalendarView.m */,
			);
			name = Sources;
			sourceTree = "<group>";
		};
/* End PBXGroup section */

/* Begin PBXNativeTarget section */
		94E614CB1874405400BD4D9F /* ios_calendar */ = {
			isa = PBXNativeTarget;
			buildConfigurationList = 94E615011874405400BD4D9F /* Build configuration list for PBXNativeTarget "ios_calendar" */;
			buildPhases = (
				94E614C81874405400BD4D9F /* Sources */,
				94E614C91874405400BD4D9F /* Frameworks */,
				94E614CA1874405400BD4D9F /* Resources */,
			);
			buildRules = (
			);
			dependencies = (
			);
			name = ios_calendar;
			productName = ios_calendar;
			productReference = 94E614CC1874405400BD4D9F /* ios_calendar.app */;
			productType = "com.apple.product-type.application";
		};
/* End PBXNativeTarget section */

/* Begin PBXProject section */
		94E614C41874405400BD4D9F /* Project object */ = {
			isa = PBXProject;
			attributes = {
				LastUpgradeCheck = 0510;
				ORGANIZATIONNAME = "Maxim Bilan";
			};
			buildConfigurationList = 94E614C71874405400BD4D9F /* Build configuration list for PBXProject "ios_calendar" */;
			compatibilityVersion = "Xcode 3.2";
			developmentRegion = English;
			hasScannedForEncodings = 0;
			knownRegions = (
				en,
				Base,
			);
			mainGroup = 94E614C31874405400BD4D9F;
			productRefGroup = 94E614CD1874405400BD4D9F /* Products */;
			projectDirPath = "";
			projectRoot = "";
			targets = (
				94E614CB1874405400BD4D9F /* ios_calendar */,
			);
		};
/* End PBXProject section */

/* Begin PBXResourcesBuildPhase section */
		94E614CA1874405400BD4D9F /* Resources */ = {
			isa = PBXResourcesBuildPhase;
			buildActionMask = 2147483647;
			files = (
				94E614E61874405400BD4D9F /* Main_iPad.storyboard in Resources */,
				94E614EB1874405400BD4D9F /* Images.xcassets in Resources */,
				94E614E31874405400BD4D9F /* Main_iPhone.storyboard in Resources */,
				94E614DA1874405400BD4D9F /* InfoPlist.strings in Resources */,
			);
			runOnlyForDeploymentPostprocessing = 0;
		};
/* End PBXResourcesBuildPhase section */

/* Begin PBXSourcesBuildPhase section */
		94E614C81874405400BD4D9F /* Sources */ = {
			isa = PBXSourcesBuildPhase;
			buildActionMask = 2147483647;
			files = (
				94E614E91874405400BD4D9F /* ViewController.m in Sources */,
				94E6150D1874410D00BD4D9F /* NSDate+CalendarView.m in Sources */,
				943BD1071892F92900CCE128 /* NSString+CalendarView.m in Sources */,
				94965937188F0DD300085A01 /* UIPopoverController+iPhone.m in Sources */,
				94E614E01874405400BD4D9F /* AppDelegate.m in Sources */,
				94E6150C1874410D00BD4D9F /* CalendarView.m in Sources */,
				94E614DC1874405400BD4D9F /* main.m in Sources */,
				9496593A188F0F0600085A01 /* PopoverViewController.m in Sources */,
			);
			runOnlyForDeploymentPostprocessing = 0;
		};
/* End PBXSourcesBuildPhase section */

/* Begin PBXVariantGroup section */
		94E614D81874405400BD4D9F /* InfoPlist.strings */ = {
			isa = PBXVariantGroup;
			children = (
				94E614D91874405400BD4D9F /* en */,
			);
			name = InfoPlist.strings;
			sourceTree = "<group>";
		};
		94E614E11874405400BD4D9F /* Main_iPhone.storyboard */ = {
			isa = PBXVariantGroup;
			children = (
				94E614E21874405400BD4D9F /* Base */,
			);
			name = Main_iPhone.storyboard;
			sourceTree = "<group>";
		};
		94E614E41874405400BD4D9F /* Main_iPad.storyboard */ = {
			isa = PBXVariantGroup;
			children = (
				94E614E51874405400BD4D9F /* Base */,
			);
			name = Main_iPad.storyboard;
			sourceTree = "<group>";
		};
/* End PBXVariantGroup section */

/* Begin XCBuildConfiguration section */
		94E614FF1874405400BD4D9F /* Debug */ = {
			isa = XCBuildConfiguration;
			buildSettings = {
				ALWAYS_SEARCH_USER_PATHS = NO;
				CLANG_CXX_LANGUAGE_STANDARD = "gnu++0x";
				CLANG_CXX_LIBRARY = "libc++";
				CLANG_ENABLE_MODULES = YES;
				CLANG_ENABLE_OBJC_ARC = YES;
				CLANG_WARN_BOOL_CONVERSION = YES;
				CLANG_WARN_CONSTANT_CONVERSION = YES;
				CLANG_WARN_DIRECT_OBJC_ISA_USAGE = YES_ERROR;
				CLANG_WARN_EMPTY_BODY = YES;
				CLANG_WARN_ENUM_CONVERSION = YES;
				CLANG_WARN_INT_CONVERSION = YES;
				CLANG_WARN_OBJC_ROOT_CLASS = YES_ERROR;
				CLANG_WARN__DUPLICATE_METHOD_MATCH = YES;
				"CODE_SIGN_IDENTITY[sdk=iphoneos*]" = "iPhone Developer";
				COPY_PHASE_STRIP = NO;
				GCC_C_LANGUAGE_STANDARD = gnu99;
				GCC_DYNAMIC_NO_PIC = NO;
				GCC_OPTIMIZATION_LEVEL = 0;
				GCC_PREPROCESSOR_DEFINITIONS = (
					"DEBUG=1",
					"$(inherited)",
				);
				GCC_SYMBOLS_PRIVATE_EXTERN = NO;
				GCC_WARN_64_TO_32_BIT_CONVERSION = YES;
				GCC_WARN_ABOUT_RETURN_TYPE = YES_ERROR;
				GCC_WARN_UNDECLARED_SELECTOR = YES;
				GCC_WARN_UNINITIALIZED_AUTOS = YES;
				GCC_WARN_UNUSED_FUNCTION = YES;
				GCC_WARN_UNUSED_VARIABLE = YES;
				IPHONEOS_DEPLOYMENT_TARGET = 7.0;
				ONLY_ACTIVE_ARCH = YES;
				SDKROOT = iphoneos;
				TARGETED_DEVICE_FAMILY = "1,2";
			};
			name = Debug;
		};
		94E615001874405400BD4D9F /* Release */ = {
			isa = XCBuildConfiguration;
			buildSettings = {
				ALWAYS_SEARCH_USER_PATHS = NO;
				CLANG_CXX_LANGUAGE_STANDARD = "gnu++0x";
				CLANG_CXX_LIBRARY = "libc++";
				CLANG_ENABLE_MODULES = YES;
				CLANG_ENABLE_OBJC_ARC = YES;
				CLANG_WARN_BOOL_CONVERSION = YES;
				CLANG_WARN_CONSTANT_CONVERSION = YES;
				CLANG_WARN_DIRECT_OBJC_ISA_USAGE = YES_ERROR;
				CLANG_WARN_EMPTY_BODY = YES;
				CLANG_WARN_ENUM_CONVERSION = YES;
				CLANG_WARN_INT_CONVERSION = YES;
				CLANG_WARN_OBJC_ROOT_CLASS = YES_ERROR;
				CLANG_WARN__DUPLICATE_METHOD_MATCH = YES;
				"CODE_SIGN_IDENTITY[sdk=iphoneos*]" = "iPhone Developer";
				COPY_PHASE_STRIP = YES;
				ENABLE_NS_ASSERTIONS = NO;
				GCC_C_LANGUAGE_STANDARD = gnu99;
				GCC_WARN_64_TO_32_BIT_CONVERSION = YES;
				GCC_WARN_ABOUT_RETURN_TYPE = YES_ERROR;
				GCC_WARN_UNDECLARED_SELECTOR = YES;
				GCC_WARN_UNINITIALIZED_AUTOS = YES;
				GCC_WARN_UNUSED_FUNCTION = YES;
				GCC_WARN_UNUSED_VARIABLE = YES;
				IPHONEOS_DEPLOYMENT_TARGET = 7.0;
				SDKROOT = iphoneos;
				TARGETED_DEVICE_FAMILY = "1,2";
				VALIDATE_PRODUCT = YES;
			};
			name = Release;
		};
		94E615021874405400BD4D9F /* Debug */ = {
			isa = XCBuildConfiguration;
			buildSettings = {
				ASSETCATALOG_COMPILER_APPICON_NAME = AppIcon;
				ASSETCATALOG_COMPILER_LAUNCHIMAGE_NAME = LaunchImage;
				GCC_PRECOMPILE_PREFIX_HEADER = YES;
				GCC_PREFIX_HEADER = "ios_calendar/ios_calendar-Prefix.pch";
				INFOPLIST_FILE = "ios_calendar/ios_calendar-Info.plist";
				IPHONEOS_DEPLOYMENT_TARGET = 6.1;
				PRODUCT_NAME = "$(TARGET_NAME)";
				WRAPPER_EXTENSION = app;
			};
			name = Debug;
		};
		94E615031874405400BD4D9F /* Release */ = {
			isa = XCBuildConfiguration;
			buildSettings = {
				ASSETCATALOG_COMPILER_APPICON_NAME = AppIcon;
				ASSETCATALOG_COMPILER_LAUNCHIMAGE_NAME = LaunchImage;
				GCC_PRECOMPILE_PREFIX_HEADER = YES;
				GCC_PREFIX_HEADER = "ios_calendar/ios_calendar-Prefix.pch";
				INFOPLIST_FILE = "ios_calendar/ios_calendar-Info.plist";
				IPHONEOS_DEPLOYMENT_TARGET = 6.1;
				PRODUCT_NAME = "$(TARGET_NAME)";
				WRAPPER_EXTENSION = app;
			};
			name = Release;
		};
/* End XCBuildConfiguration section */

/* Begin XCConfigurationList section */
		94E614C71874405400BD4D9F /* Build configuration list for PBXProject "ios_calendar" */ = {
			isa = XCConfigurationList;
			buildConfigurations = (
				94E614FF1874405400BD4D9F /* Debug */,
				94E615001874405400BD4D9F /* Release */,
			);
			defaultConfigurationIsVisible = 0;
			defaultConfigurationName = Release;
		};
		94E615011874405400BD4D9F /* Build configuration list for PBXNativeTarget "ios_calendar" */ = {
			isa = XCConfigurationList;
			buildConfigurations = (
				94E615021874405400BD4D9F /* Debug */,
				94E615031874405400BD4D9F /* Release */,
			);
			defaultConfigurationIsVisible = 0;
			defaultConfigurationName = Release;
		};
/* End XCConfigurationList section */
	};
	rootObject = 94E614C41874405400BD4D9F /* Project object */;
}
